
Microsoft Visual Studio Solution File, Format Version 12.00
# Visual Studio Version 17
VisualStudioVersion = 17.10.35122.118
MinimumVisualStudioVersion = 10.0.40219.1
Project("{FAE04EC0-301F-11D3-BF4B-00C04F79EFBC}") = "MiniDMS", "MiniDMS\MiniDMS.csproj", "{6A1B36F2-FFEF-40AA-804C-5FC0B3B48A29}"
EndProject
Global
	GlobalSection(SolutionConfigurationPlatforms) = preSolution
		Debug|Any CPU = Debug|Any CPU
		Release|Any CPU = Release|Any CPU
	EndGlobalSection
	GlobalSection(ProjectConfigurationPlatforms) = postSolution
		{6A1B36F2-FFEF-40AA-804C-5FC0B3B48A29}.Debug|Any CPU.ActiveCfg = Debug|Any CPU
		{6A1B36F2-FFEF-40AA-804C-5FC0B3B48A29}.Debug|Any CPU.Build.0 = Debug|Any CPU
		{6A1B36F2-FFEF-40AA-804C-5FC0B3B48A29}.Release|Any CPU.ActiveCfg = Release|Any CPU
		{6A1B36F2-FFEF-40AA-804C-5FC0B3B48A29}.Release|Any CPU.Build.0 = Release|Any CPU
	EndGlobalSection
	GlobalSection(SolutionProperties) = preSolution
		HideSolutionNode = FALSE
	EndGlobalSection
	GlobalSection(ExtensibilityGlobals) = postSolution
		SolutionGuid = {1DDB6BAD-537C-4AAC-91E7-50E65F1F41A9}
	EndGlobalSection
EndGlobal
